Microsoft Visual Studio Solution File, Format Version 12.00
# Visual Studio 15
VisualStudioVersion = 15.0.27520.0
MinimumVisualStudioVersion = 10.0.40219.1
Project("{9A19103F-16F7-4668-BE54-9A1E7A4F7556}") = "Plivo", "src\Plivo\Plivo.csproj", "{EF3352B6-54D2-4731-95B5-D07D01982713}"
EndProject
Project("{9A19103F-16F7-4668-BE54-9A1E7A4F7556}") = "Plivo.Test", "tests\Plivo.Test\Plivo.Test.csproj", "{B8A52586-250B-4301-B9E2-7631B4DEE45E}"
EndProject
Global
	GlobalSection(SolutionConfigurationPlatforms) = preSolution
		Debug|Any CPU = Debug|Any CPU
		Release|Any CPU = Release|Any CPU
	EndGlobalSection
	GlobalSection(ProjectConfigurationPlatforms) = postSolution
		{EF3352B6-54D2-4731-95B5-D07D01982713}.Debug|Any CPU.ActiveCfg = Debug|Any CPU
		{EF3352B6-54D2-4731-95B5-D07D01982713}.Debug|Any CPU.Build.0 = Debug|Any CPU
		{EF3352B6-54D2-4731-95B5-D07D01982713}.Release|Any CPU.ActiveCfg = Release|Any CPU
		{EF3352B6-54D2-4731-95B5-D07D01982713}.Release|Any CPU.Build.0 = Release|Any CPU
		{B8A52586-250B-4301-B9E2-7631B4DEE45E}.Debug|Any CPU.ActiveCfg = Debug|Any CPU
		{B8A52586-250B-4301-B9E2-7631B4DEE45E}.Debug|Any CPU.Build.0 = Debug|Any CPU
		{B8A52586-250B-4301-B9E2-7631B4DEE45E}.Release|Any CPU.ActiveCfg = Release|Any CPU
		{B8A52586-250B-4301-B9E2-7631B4DEE45E}.Release|Any CPU.Build.0 = Release|Any CPU
	EndGlobalSection
	GlobalSection(SolutionProperties) = preSolution
		HideSolutionNode = FALSE
	EndGlobalSection
	GlobalSection(ExtensibilityGlobals) = postSolution
		SolutionGuid = {9357C9EF-88DD-4221-9801-0B6BA94E2569}
	EndGlobalSection
	GlobalSection(MonoDevelopProperties) = preSolution
		description = A .NET SDK to make voice calls & send SMS using Plivo and to generate Plivo XML
		version = 4.1.1
	EndGlobalSection
EndGlobal
